
Microsoft Visual Studio Solution File, Format Version 12.00
# Visual Studio Version 17
VisualStudioVersion = 17.3.32922.545
MinimumVisualStudioVersion = 10.0.40219.1
Project("{9A19103F-16F7-4668-BE54-9A1E7A4F7556}") = "Foundation", "Foundation\Foundation.csproj", "{A614C4DA-07E1-4241-8F9F-719BF53335BC}"
EndProject
Project("{FAE04EC0-301F-11D3-BF4B-00C04F79EFBC}") = "Tic-Tac-Toe", "Tic-Tac-Toe\Tic-Tac-Toe.csproj", "{CC34F775-C578-4AEE-8F83-9112BD01D7E9}"
EndProject
Global
	GlobalSection(SolutionConfigurationPlatforms) = preSolution
		Debug|Any CPU = Debug|Any CPU
		Release|Any CPU = Release|Any CPU
	EndGlobalSection
	GlobalSection(ProjectConfigurationPlatforms) = postSolution
		{A614C4DA-07E1-4241-8F9F-719BF53335BC}.Debug|Any CPU.ActiveCfg = Debug|Any CPU
		{A614C4DA-07E1-4241-8F9F-719BF53335BC}.Debug|Any CPU.Build.0 = Debug|Any CPU
		{A614C4DA-07E1-4241-8F9F-719BF53335BC}.Release|Any CPU.ActiveCfg = Release|Any CPU
		{A614C4DA-07E1-4241-8F9F-719BF53335BC}.Release|Any CPU.Build.0 = Release|Any CPU
		{CC34F775-C578-4AEE-8F83-9112BD01D7E9}.Debug|Any CPU.ActiveCfg = Debug|Any CPU
		{CC34F775-C578-4AEE-8F83-9112BD01D7E9}.Debug|Any CPU.Build.0 = Debug|Any CPU
		{CC34F775-C578-4AEE-8F83-9112BD01D7E9}.Release|Any CPU.ActiveCfg = Release|Any CPU
		{CC34F775-C578-4AEE-8F83-9112BD01D7E9}.Release|Any CPU.Build.0 = Release|Any CPU
	EndGlobalSection
	GlobalSection(SolutionProperties) = preSolution
		HideSolutionNode = FALSE
	EndGlobalSection
	GlobalSection(ExtensibilityGlobals) = postSolution
		SolutionGuid = {05AA1A8F-02E8-4E80-AE42-88BB58D3F568}
	EndGlobalSection
EndGlobal
